Microsoft Visual Studio Solution File, Format Version 12.00
# Visual Studio 16
Project("{8BC9CEB8-8B4A-11D0-8D11-00A0C91BC942}") = "ALL_BUILD", "ALL_BUILD.vcxproj", "{5F7245EA-2D02-3731-8CB4-A367CBB62880}"
	ProjectSection(ProjectDependencies) = postProject
		{0E946AA3-A731-351B-96D3-0D79525E2719} = {0E946AA3-A731-351B-96D3-0D79525E2719}
		{E2C13D89-9CDC-3652-8D2B-BFA08E56247D} = {E2C13D89-9CDC-3652-8D2B-BFA08E56247D}
	EndProjectSection
EndProject
Project("{8BC9CEB8-8B4A-11D0-8D11-00A0C91BC942}") = "Main", "src\Main.vcxproj", "{0E946AA3-A731-351B-96D3-0D79525E2719}"
	ProjectSection(ProjectDependencies) = postProject
		{E2C13D89-9CDC-3652-8D2B-BFA08E56247D} = {E2C13D89-9CDC-3652-8D2B-BFA08E56247D}
	EndProjectSection
EndProject
Project("{8BC9CEB8-8B4A-11D0-8D11-00A0C91BC942}") = "ZERO_CHECK", "ZERO_CHECK.vcxproj", "{E2C13D89-9CDC-3652-8D2B-BFA08E56247D}"
	ProjectSection(ProjectDependencies) = postProject
	EndProjectSection
EndProject
Global
	GlobalSection(SolutionConfigurationPlatforms) = preSolution
		Debug|x64 = Debug|x64
		Release|x64 = Release|x64
		MinSizeRel|x64 = MinSizeRel|x64
		RelWithDebInfo|x64 = RelWithDebInfo|x64
	EndGlobalSection
	GlobalSection(ProjectConfigurationPlatforms) = postSolution
		{5F7245EA-2D02-3731-8CB4-A367CBB62880}.Debug|x64.ActiveCfg = Debug|x64
		{5F7245EA-2D02-3731-8CB4-A367CBB62880}.Release|x64.ActiveCfg = Release|x64
		{5F7245EA-2D02-3731-8CB4-A367CBB62880}.MinSizeRel|x64.ActiveCfg = MinSizeRel|x64
		{5F7245EA-2D02-3731-8CB4-A367CBB62880}.RelWithDebInfo|x64.ActiveCfg = RelWithDebInfo|x64
		{0E946AA3-A731-351B-96D3-0D79525E2719}.Debug|x64.ActiveCfg = Debug|x64
		{0E946AA3-A731-351B-96D3-0D79525E2719}.Debug|x64.Build.0 = Debug|x64
		{0E946AA3-A731-351B-96D3-0D79525E2719}.Release|x64.ActiveCfg = Release|x64
		{0E946AA3-A731-351B-96D3-0D79525E2719}.Release|x64.Build.0 = Release|x64
		{0E946AA3-A731-351B-96D3-0D79525E2719}.MinSizeRel|x64.ActiveCfg = MinSizeRel|x64
		{0E946AA3-A731-351B-96D3-0D79525E2719}.MinSizeRel|x64.Build.0 = MinSizeRel|x64
		{0E946AA3-A731-351B-96D3-0D79525E2719}.RelWithDebInfo|x64.ActiveCfg = RelWithDebInfo|x64
		{0E946AA3-A731-351B-96D3-0D79525E2719}.RelWithDebInfo|x64.Build.0 = RelWithDebInfo|x64
		{E2C13D89-9CDC-3652-8D2B-BFA08E56247D}.Debug|x64.ActiveCfg = Debug|x64
		{E2C13D89-9CDC-3652-8D2B-BFA08E56247D}.Debug|x64.Build.0 = Debug|x64
		{E2C13D89-9CDC-3652-8D2B-BFA08E56247D}.Release|x64.ActiveCfg = Release|x64
		{E2C13D89-9CDC-3652-8D2B-BFA08E56247D}.Release|x64.Build.0 = Release|x64
		{E2C13D89-9CDC-3652-8D2B-BFA08E56247D}.MinSizeRel|x64.ActiveCfg = MinSizeRel|x64
		{E2C13D89-9CDC-3652-8D2B-BFA08E56247D}.MinSizeRel|x64.Build.0 = MinSizeRel|x64
		{E2C13D89-9CDC-3652-8D2B-BFA08E56247D}.RelWithDebInfo|x64.ActiveCfg = RelWithDebInfo|x64
		{E2C13D89-9CDC-3652-8D2B-BFA08E56247D}.RelWithDebInfo|x64.Build.0 = RelWithDebInfo|x64
	EndGlobalSection
	GlobalSection(ExtensibilityGlobals) = postSolution
		SolutionGuid = {A8D59C83-7270-3210-B762-C7960976C368}
	EndGlobalSection
	GlobalSection(ExtensibilityAddIns) = postSolution
	EndGlobalSection
EndGlobal
